{
  "originHash" : "bdd5c1c289c2c2e18b4576b6399250c105892715b5751c52bf64b1c1ada3ac12",
  "pins" : [
    {
      "identity" : "cachedasyncimage",
      "kind" : "remoteSourceControl",
      "location" : "https://github.com/jakirseu/CachedAsyncImage",
      "state" : {
        "revision" : "77b32450fdb8eaa868cbc13eb6bbc81ea7b46cd0",
        "version" : "1.0.2"
      }
    },
    {
      "identity" : "swiftformat",
      "kind" : "remoteSourceControl",
      "location" : "https://github.com/nicklockwood/SwiftFormat",
      "state" : {
        "revision" : "468a7d32dedc8d352c191594b3b45d9fd8ba291b",
        "version" : "0.55.5"
      }
    },
    {
      "identity" : "swiftlintplugins",
      "kind" : "remoteSourceControl",
      "location" : "https://github.com/SimplyDanny/SwiftLintPlugins",
      "state" : {
        "revision" : "8545ddf4de043e6f2051c5cf204f39ef778ebf6b",
        "version" : "0.59.1"
      }
    }
  ],
  "version" : 3
}
